// !$*UTF8*$!
{
	archiveVersion = 1;
	classes = {
	};
	objectVersion = 50;
	objects = {

/* Begin PBXBuildFile section */
		0B6A7426237DFCEC00455D9A /* AppDelegate.swift in Sources */ = {isa = PBXBuildFile; fileRef = 0B6A7425237DFCEC00455D9A /* AppDelegate.swift */; };
		0B6A7428237DFCEC00455D9A /* SceneDelegate.swift in Sources */ = {isa = PBXBuildFile; fileRef = 0B6A7427237DFCEC00455D9A /* SceneDelegate.swift */; };
		0B6A742D237DFCEC00455D9A /* Main.storyboard in Resources */ = {isa = PBXBuildFile; fileRef = 0B6A742B237DFCEC00455D9A /* Main.storyboard */; };
		0B6A742F237DFCEE00455D9A /* Assets.xcassets in Resources */ = {isa = PBXBuildFile; fileRef = 0B6A742E237DFCEE00455D9A /* Assets.xcassets */; };
		0B6A7432237DFCEE00455D9A /* LaunchScreen.storyboard in Resources */ = {isa = PBXBuildFile; fileRef = 0B6A7430237DFCEE00455D9A /* LaunchScreen.storyboard */; };
		0B6A743A237DFD6100455D9A /* Screen01ViewController.swift in Sources */ = {isa = PBXBuildFile; fileRef = 0B6A7439237DFD6100455D9A /* Screen01ViewController.swift */; };
		0B6A743C237DFE9B00455D9A /* Screen02ViewController.swift in Sources */ = {isa = PBXBuildFile; fileRef = 0B6A743B237DFE9B00455D9A /* Screen02ViewController.swift */; };
		0B6A743E237DFEE200455D9A /* Screen03ViewController.swift in Sources */ = {isa = PBXBuildFile; fileRef = 0B6A743D237DFEE200455D9A /* Screen03ViewController.swift */; };
		0B6A7440237E05A000455D9A /* Page.swift in Sources */ = {isa = PBXBuildFile; fileRef = 0B6A743F237E05A000455D9A /* Page.swift */; };
/* End PBXBuildFile section */

/* Begin PBXFileReference section */
		0B6A7422237DFCEC00455D9A /* pickapathgame.app */ = {isa = PBXFileReference; explicitFileType = wrapper.application; includeInIndex = 0; path = pickapathgame.app; sourceTree = BUILT_PRODUCTS_DIR; };
		0B6A7425237DFCEC00455D9A /* AppDelegate.swift */ = {isa = PBXFileReference; lastKnownFileType = sourcecode.swift; path = AppDelegate.swift; sourceTree = "<group>"; };
		0B6A7427237DFCEC00455D9A /* SceneDelegate.swift */ = {isa = PBXFileReference; lastKnownFileType = sourcecode.swift; path = SceneDelegate.swift; sourceTree = "<group>"; };
		0B6A742C237DFCEC00455D9A /* Base */ = {isa = PBXFileReference; lastKnownFileType = file.storyboard; name = Base; path = Base.lproj/Main.storyboard; sourceTree = "<group>"; };
		0B6A742E237DFCEE00455D9A /* Assets.xcassets */ = {isa = PBXFileReference; lastKnownFileType = folder.assetcatalog; path = Assets.xcassets; sourceTree = "<group>"; };
		0B6A7431237DFCEE00455D9A /* Base */ = {isa = PBXFileReference; lastKnownFileType = file.storyboard; name = Base; path = Base.lproj/LaunchScreen.storyboard; sourceTree = "<group>"; };
		0B6A7433237DFCEE00455D9A /* Info.plist */ = {isa = PBXFileReference; lastKnownFileType = text.plist.xml; path = Info.plist; sourceTree = "<group>"; };
		0B6A7439237DFD6100455D9A /* Screen01ViewController.swift */ = {isa = PBXFileReference; lastKnownFileType = sourcecode.swift; path = Screen01ViewController.swift; sourceTree = "<group>"; };
		0B6A743B237DFE9B00455D9A /* Screen02ViewController.swift */ = {isa = PBXFileReference; lastKnownFileType = sourcecode.swift; path = Screen02ViewController.swift; sourceTree = "<group>"; };
		0B6A743D237DFEE200455D9A /* Screen03ViewController.swift */ = {isa = PBXFileReference; lastKnownFileType = sourcecode.swift; path = Screen03ViewController.swift; sourceTree = "<group>"; };
		0B6A743F237E05A000455D9A /* Page.swift */ = {isa = PBXFileReference; lastKnownFileType = sourcecode.swift; path = Page.swift; sourceTree = "<group>"; };
/* End PBXFileReference section */

/* Begin PBXFrameworksBuildPhase section */
		0B6A741F237DFCEC00455D9A /* Frameworks */ = {
			isa = PBXFrameworksBuildPhase;
			buildActionMask = 2147483647;
			files = (
			);
			runOnlyForDeploymentPostprocessing = 0;
		};
/* End PBXFrameworksBuildPhase section */

/* Begin PBXGroup section */
		0B6A7419237DFCEC00455D9A = {
			isa = PBXGroup;
			children = (
				0B6A7424237DFCEC00455D9A /* pickapathgame */,
				0B6A7423237DFCEC00455D9A /* Products */,
			);
			sourceTree = "<group>";
		};
		0B6A7423237DFCEC00455D9A /* Products */ = {
			isa = PBXGroup;
			children = (
				0B6A7422237DFCEC00455D9A /* pickapathgame.app */,
			);
			name = Products;
			sourceTree = "<group>";
		};
		0B6A7424237DFCEC00455D9A /* pickapathgame */ = {
			isa = PBXGroup;
			children = (
				0B6A7425237DFCEC00455D9A /* AppDelegate.swift */,
				0B6A7427237DFCEC00455D9A /* SceneDelegate.swift */,
				0B6A742B237DFCEC00455D9A /* Main.storyboard */,
				0B6A742E237DFCEE00455D9A /* Assets.xcassets */,
				0B6A7430237DFCEE00455D9A /* LaunchScreen.storyboard */,
				0B6A7433237DFCEE00455D9A /* Info.plist */,
				0B6A7439237DFD6100455D9A /* Screen01ViewController.swift */,
				0B6A743B237DFE9B00455D9A /* Screen02ViewController.swift */,
				0B6A743D237DFEE200455D9A /* Screen03ViewController.swift */,
				0B6A743F237E05A000455D9A /* Page.swift */,
			);
			path = pickapathgame;
			sourceTree = "<group>";
		};
/* End PBXGroup section */

/* Begin PBXNativeTarget section */
		0B6A7421237DFCEC00455D9A /* pickapathgame */ = {
			isa = PBXNativeTarget;
			buildConfigurationList = 0B6A7436237DFCEE00455D9A /* Build configuration list for PBXNativeTarget "pickapathgame" */;
			buildPhases = (
				0B6A741E237DFCEC00455D9A /* Sources */,
				0B6A741F237DFCEC00455D9A /* Frameworks */,
				0B6A7420237DFCEC00455D9A /* Resources */,
			);
			buildRules = (
			);
			dependencies = (
			);
			name = pickapathgame;
			productName = pickapathgame;
			productReference = 0B6A7422237DFCEC00455D9A /* pickapathgame.app */;
			productType = "com.apple.product-type.application";
		};
/* End PBXNativeTarget section */

/* Begin PBXProject section */
		0B6A741A237DFCEC00455D9A /* Project object */ = {
			isa = PBXProject;
			attributes = {
				LastSwiftUpdateCheck = 1120;
				LastUpgradeCheck = 1120;
				ORGANIZATIONNAME = "Luis Henrique Souza";
				TargetAttributes = {
					0B6A7421237DFCEC00455D9A = {
						CreatedOnToolsVersion = 11.2.1;
					};
				};
			};
			buildConfigurationList = 0B6A741D237DFCEC00455D9A /* Build configuration list for PBXProject "pickapathgame" */;
			compatibilityVersion = "Xcode 9.3";
			developmentRegion = en;
			hasScannedForEncodings = 0;
			knownRegions = (
				en,
				Base,
			);
			mainGroup = 0B6A7419237DFCEC00455D9A;
			productRefGroup = 0B6A7423237DFCEC00455D9A /* Products */;
			projectDirPath = "";
			projectRoot = "";
			targets = (
				0B6A7421237DFCEC00455D9A /* pickapathgame */,
			);
		};
/* End PBXProject section */

/* Begin PBXResourcesBuildPhase section */
		0B6A7420237DFCEC00455D9A /* Resources */ = {
			isa = PBXResourcesBuildPhase;
			buildActionMask = 2147483647;
			files = (
				0B6A7432237DFCEE00455D9A /* LaunchScreen.storyboard in Resources */,
				0B6A742F237DFCEE00455D9A /* Assets.xcassets in Resources */,
				0B6A742D237DFCEC00455D9A /* Main.storyboard in Resources */,
			);
			runOnlyForDeploymentPostprocessing = 0;
		};
/* End PBXResourcesBuildPhase section */

/* Begin PBXSourcesBuildPhase section */
		0B6A741E237DFCEC00455D9A /* Sources */ = {
			isa = PBXSourcesBuildPhase;
			buildActionMask = 2147483647;
			files = (
				0B6A743C237DFE9B00455D9A /* Screen02ViewController.swift in Sources */,
				0B6A7426237DFCEC00455D9A /* AppDelegate.swift in Sources */,
				0B6A7440237E05A000455D9A /* Page.swift in Sources */,
				0B6A7428237DFCEC00455D9A /* SceneDelegate.swift in Sources */,
				0B6A743A237DFD6100455D9A /* Screen01ViewController.swift in Sources */,
				0B6A743E237DFEE200455D9A /* Screen03ViewController.swift in Sources */,
			);
			runOnlyForDeploymentPostprocessing = 0;
		};
/* End PBXSourcesBuildPhase section */

/* Begin PBXVariantGroup section */
		0B6A742B237DFCEC00455D9A /* Main.storyboard */ = {
			isa = PBXVariantGroup;
			children = (
				0B6A742C237DFCEC00455D9A /* Base */,
			);
			name = Main.storyboard;
			sourceTree = "<group>";
		};
		0B6A7430237DFCEE00455D9A /* LaunchScreen.storyboard */ = {
			isa = PBXVariantGroup;
			children = (
				0B6A7431237DFCEE00455D9A /* Base */,
			);
			name = LaunchScreen.storyboard;
			sourceTree = "<group>";
		};
/* End PBXVariantGroup section */

/* Begin XCBuildConfiguration section */
		0B6A7434237DFCEE00455D9A /* Debug */ = {
			isa = XCBuildConfiguration;
			buildSettings = {
				ALWAYS_SEARCH_USER_PATHS = NO;
				CLANG_ANALYZER_NONNULL = YES;
				CLANG_ANALYZER_NUMBER_OBJECT_CONVERSION = YES_AGGRESSIVE;
				CLANG_CXX_LANGUAGE_STANDARD = "gnu++14";
				CLANG_CXX_LIBRARY = "libc++";
				CLANG_ENABLE_MODULES = YES;
				CLANG_ENABLE_OBJC_ARC = YES;
				CLANG_ENABLE_OBJC_WEAK = YES;
				CLANG_WARN_BLOCK_CAPTURE_AUTORELEASING = YES;
				CLANG_WARN_BOOL_CONVERSION = YES;
				CLANG_WARN_COMMA = YES;
				CLANG_WARN_CONSTANT_CONVERSION = YES;
				CLANG_WARN_DEPRECATED_OBJC_IMPLEMENTATIONS = YES;
				CLANG_WARN_DIRECT_OBJC_ISA_USAGE = YES_ERROR;
				CLANG_WARN_DOCUMENTATION_COMMENTS = YES;
				CLANG_WARN_EMPTY_BODY = YES;
				CLANG_WARN_ENUM_CONVERSION = YES;
				CLANG_WARN_INFINITE_RECURSION = YES;
				CLANG_WARN_INT_CONVERSION = YES;
				CLANG_WARN_NON_LITERAL_NULL_CONVERSION = YES;
				CLANG_WARN_OBJC_IMPLICIT_RETAIN_SELF = YES;
				CLANG_WARN_OBJC_LITERAL_CONVERSION = YES;
				CLANG_WARN_OBJC_ROOT_CLASS = YES_ERROR;
				CLANG_WARN_RANGE_LOOP_ANALYSIS = YES;
				CLANG_WARN_STRICT_PROTOTYPES = YES;
				CLANG_WARN_SUSPICIOUS_MOVE = YES;
				CLANG_WARN_UNGUARDED_AVAILABILITY = YES_AGGRESSIVE;
				CLANG_WARN_UNREACHABLE_CODE = YES;
				CLANG_WARN__DUPLICATE_METHOD_MATCH = YES;
				COPY_PHASE_STRIP = NO;
				DEBUG_INFORMATION_FORMAT = dwarf;
				ENABLE_STRICT_OBJC_MSGSEND = YES;
				ENABLE_TESTABILITY = YES;
				GCC_C_LANGUAGE_STANDARD = gnu11;
				GCC_DYNAMIC_NO_PIC = NO;
				GCC_NO_COMMON_BLOCKS = YES;
				GCC_OPTIMIZATION_LEVEL = 0;
				GCC_PREPROCESSOR_DEFINITIONS = (
					"DEBUG=1",
					"$(inherited)",
				);
				GCC_WARN_64_TO_32_BIT_CONVERSION = YES;
				GCC_WARN_ABOUT_RETURN_TYPE = YES_ERROR;
				GCC_WARN_UNDECLARED_SELECTOR = YES;
				GCC_WARN_UNINITIALIZED_AUTOS = YES_AGGRESSIVE;
				GCC_WARN_UNUSED_FUNCTION = YES;
				GCC_WARN_UNUSED_VARIABLE = YES;
				IPHONEOS_DEPLOYMENT_TARGET = 13.2;
				MTL_ENABLE_DEBUG_INFO = INCLUDE_SOURCE;
				MTL_FAST_MATH = YES;
				ONLY_ACTIVE_ARCH = YES;
				SDKROOT = iphoneos;
				SWIFT_ACTIVE_COMPILATION_CONDITIONS = DEBUG;
				SWIFT_OPTIMIZATION_LEVEL = "-Onone";
			};
			name = Debug;
		};
		0B6A7435237DFCEE00455D9A /* Release */ = {
			isa = XCBuildConfiguration;
			buildSettings = {
				ALWAYS_SEARCH_USER_PATHS = NO;
				CLANG_ANALYZER_NONNULL = YES;
				CLANG_ANALYZER_NUMBER_OBJECT_CONVERSION = YES_AGGRESSIVE;
				CLANG_CXX_LANGUAGE_STANDARD = "gnu++14";
				CLANG_CXX_LIBRARY = "libc++";
				CLANG_ENABLE_MODULES = YES;
				CLANG_ENABLE_OBJC_ARC = YES;
				CLANG_ENABLE_OBJC_WEAK = YES;
				CLANG_WARN_BLOCK_CAPTURE_AUTORELEASING = YES;
				CLANG_WARN_BOOL_CONVERSION = YES;
				CLANG_WARN_COMMA = YES;
				CLANG_WARN_CONSTANT_CONVERSION = YES;
				CLANG_WARN_DEPRECATED_OBJC_IMPLEMENTATIONS = YES;
				CLANG_WARN_DIRECT_OBJC_ISA_USAGE = YES_ERROR;
				CLANG_WARN_DOCUMENTATION_COMMENTS = YES;
				CLANG_WARN_EMPTY_BODY = YES;
				CLANG_WARN_ENUM_CONVERSION = YES;
				CLANG_WARN_INFINITE_RECURSION = YES;
				CLANG_WARN_INT_CONVERSION = YES;
				CLANG_WARN_NON_LITERAL_NULL_CONVERSION = YES;
				CLANG_WARN_OBJC_IMPLICIT_RETAIN_SELF = YES;
				CLANG_WARN_OBJC_LITERAL_CONVERSION = YES;
				CLANG_WARN_OBJC_ROOT_CLASS = YES_ERROR;
				CLANG_WARN_RANGE_LOOP_ANALYSIS = YES;
				CLANG_WARN_STRICT_PROTOTYPES = YES;
				CLANG_WARN_SUSPICIOUS_MOVE = YES;
				CLANG_WARN_UNGUARDED_AVAILABILITY = YES_AGGRESSIVE;
				CLANG_WARN_UNREACHABLE_CODE = YES;
				CLANG_WARN__DUPLICATE_METHOD_MATCH = YES;
				COPY_PHASE_STRIP = NO;
				DEBUG_INFORMATION_FORMAT = "dwarf-with-dsym";
				ENABLE_NS_ASSERTIONS = NO;
				ENABLE_STRICT_OBJC_MSGSEND = YES;
				GCC_C_LANGUAGE_STANDARD = gnu11;
				GCC_NO_COMMON_BLOCKS = YES;
				GCC_WARN_64_TO_32_BIT_CONVERSION = YES;
				GCC_WARN_ABOUT_RETURN_TYPE = YES_ERROR;
				GCC_WARN_UNDECLARED_SELECTOR = YES;
				GCC_WARN_UNINITIALIZED_AUTOS = YES_AGGRESSIVE;
				GCC_WARN_UNUSED_FUNCTION = YES;
				GCC_WARN_UNUSED_VARIABLE = YES;
				IPHONEOS_DEPLOYMENT_TARGET = 13.2;
				MTL_ENABLE_DEBUG_INFO = NO;
				MTL_FAST_MATH = YES;
				SDKROOT = iphoneos;
				SWIFT_COMPILATION_MODE = wholemodule;
				SWIFT_OPTIMIZATION_LEVEL = "-O";
				VALIDATE_PRODUCT = YES;
			};
			name = Release;
		};
		0B6A7437237DFCEE00455D9A /* Debug */ = {
			isa = XCBuildConfiguration;
			buildSettings = {
				ASSETCATALOG_COMPILER_APPICON_NAME = AppIcon;
				CODE_SIGN_STYLE = Automatic;
				DEVELOPMENT_TEAM = V94L67MHG8;
				INFOPLIST_FILE = pickapathgame/Info.plist;
				LD_RUNPATH_SEARCH_PATHS = (
					"$(inherited)",
					"@executable_path/Frameworks",
				);
				PRODUCT_BUNDLE_IDENTIFIER = com.algonquinlive.mora0199.pickapathgame;
				PRODUCT_NAME = "$(TARGET_NAME)";
				SWIFT_VERSION = 5.0;
				TARGETED_DEVICE_FAMILY = "1,2";
			};
			name = Debug;
		};
		0B6A7438237DFCEE00455D9A /* Release */ = {
			isa = XCBuildConfiguration;
			buildSettings = {
				ASSETCATALOG_COMPILER_APPICON_NAME = AppIcon;
				CODE_SIGN_STYLE = Automatic;
				DEVELOPMENT_TEAM = V94L67MHG8;
				INFOPLIST_FILE = pickapathgame/Info.plist;
				LD_RUNPATH_SEARCH_PATHS = (
					"$(inherited)",
					"@executable_path/Frameworks",
				);
				PRODUCT_BUNDLE_IDENTIFIER = com.algonquinlive.mora0199.pickapathgame;
				PRODUCT_NAME = "$(TARGET_NAME)";
				SWIFT_VERSION = 5.0;
				TARGETED_DEVICE_FAMILY = "1,2";
			};
			name = Release;
		};
/* End XCBuildConfiguration section */

/* Begin XCConfigurationList section */
		0B6A741D237DFCEC00455D9A /* Build configuration list for PBXProject "pickapathgame" */ = {
			isa = XCConfigurationList;
			buildConfigurations = (
				0B6A7434237DFCEE00455D9A /* Debug */,
				0B6A7435237DFCEE00455D9A /* Release */,
			);
			defaultConfigurationIsVisible = 0;
			defaultConfigurationName = Release;
		};
		0B6A7436237DFCEE00455D9A /* Build configuration list for PBXNativeTarget "pickapathgame" */ = {
			isa = XCConfigurationList;
			buildConfigurations = (
				0B6A7437237DFCEE00455D9A /* Debug */,
				0B6A7438237DFCEE00455D9A /* Release */,
			);
			defaultConfigurationIsVisible = 0;
			defaultConfigurationName = Release;
		};
/* End XCConfigurationList section */
	};
	rootObject = 0B6A741A237DFCEC00455D9A /* Project object */;
}
